
Microsoft Visual Studio Solution File, Format Version 12.00
# Visual Studio Version 17
VisualStudioVersion = 17.0.31903.59
MinimumVisualStudioVersion = 10.0.40219.1
Project("{2150E333-8FDC-42A3-9474-1A3956D46DE8}") = "src", "src", "{827E0CD3-B72D-47B6-A68D-7590B98EB39B}"
EndProject
Project("{FAE04EC0-301F-11D3-BF4B-00C04F79EFBC}") = "Shared.Contracts", "src\Shared.Contracts\Shared.Contracts.csproj", "{E343A562-5C40-43D2-BA90-C409E6CF7825}"
EndProject
Project("{FAE04EC0-301F-11D3-BF4B-00C04F79EFBC}") = "Sensor.Service", "src\Sensor.Service\Sensor.Service.csproj", "{68914635-CF1A-4F15-9164-53E7B036DE6C}"
EndProject
Project("{FAE04EC0-301F-11D3-BF4B-00C04F79EFBC}") = "Sensor.S1.Host", "src\Sensor.S1.Host\Sensor.S1.Host.csproj", "{51FB41EB-DF31-401A-B64E-6110BE97BE72}"
EndProject
Project("{FAE04EC0-301F-11D3-BF4B-00C04F79EFBC}") = "Sensor.S2.Host", "src\Sensor.S2.Host\Sensor.S2.Host.csproj", "{821E13E8-770B-413D-9FAE-9B6B4F82FD4D}"
EndProject
Project("{FAE04EC0-301F-11D3-BF4B-00C04F79EFBC}") = "Sensor.S3.Host", "src\Sensor.S3.Host\Sensor.S3.Host.csproj", "{29B47985-7AC6-4805-ACB7-03A1DC040738}"
EndProject
Project("{FAE04EC0-301F-11D3-BF4B-00C04F79EFBC}") = "Coordinator.Host", "src\Coordinator.Host\Coordinator.Host.csproj", "{127EF655-C043-49D8-AD6A-049ED32D066A}"
EndProject
Project("{FAE04EC0-301F-11D3-BF4B-00C04F79EFBC}") = "Client.CLI", "src\Client.CLI\Client.CLI.csproj", "{C13FF9F7-D205-493E-8D36-33C495CB563E}"
EndProject
Global
	GlobalSection(SolutionConfigurationPlatforms) = preSolution
		Debug|Any CPU = Debug|Any CPU
		Debug|x64 = Debug|x64
		Debug|x86 = Debug|x86
		Release|Any CPU = Release|Any CPU
		Release|x64 = Release|x64
		Release|x86 = Release|x86
	EndGlobalSection
	GlobalSection(ProjectConfigurationPlatforms) = postSolution
		{E343A562-5C40-43D2-BA90-C409E6CF7825}.Debug|Any CPU.ActiveCfg = Debug|Any CPU
		{E343A562-5C40-43D2-BA90-C409E6CF7825}.Debug|Any CPU.Build.0 = Debug|Any CPU
		{E343A562-5C40-43D2-BA90-C409E6CF7825}.Debug|x64.ActiveCfg = Debug|Any CPU
		{E343A562-5C40-43D2-BA90-C409E6CF7825}.Debug|x64.Build.0 = Debug|Any CPU
		{E343A562-5C40-43D2-BA90-C409E6CF7825}.Debug|x86.ActiveCfg = Debug|Any CPU
		{E343A562-5C40-43D2-BA90-C409E6CF7825}.Debug|x86.Build.0 = Debug|Any CPU
		{E343A562-5C40-43D2-BA90-C409E6CF7825}.Release|Any CPU.ActiveCfg = Release|Any CPU
		{E343A562-5C40-43D2-BA90-C409E6CF7825}.Release|Any CPU.Build.0 = Release|Any CPU
		{E343A562-5C40-43D2-BA90-C409E6CF7825}.Release|x64.ActiveCfg = Release|Any CPU
		{E343A562-5C40-43D2-BA90-C409E6CF7825}.Release|x64.Build.0 = Release|Any CPU
		{E343A562-5C40-43D2-BA90-C409E6CF7825}.Release|x86.ActiveCfg = Release|Any CPU
		{E343A562-5C40-43D2-BA90-C409E6CF7825}.Release|x86.Build.0 = Release|Any CPU
		{68914635-CF1A-4F15-9164-53E7B036DE6C}.Debug|Any CPU.ActiveCfg = Debug|Any CPU
		{68914635-CF1A-4F15-9164-53E7B036DE6C}.Debug|Any CPU.Build.0 = Debug|Any CPU
		{68914635-CF1A-4F15-9164-53E7B036DE6C}.Debug|x64.ActiveCfg = Debug|Any CPU
		{68914635-CF1A-4F15-9164-53E7B036DE6C}.Debug|x64.Build.0 = Debug|Any CPU
		{68914635-CF1A-4F15-9164-53E7B036DE6C}.Debug|x86.ActiveCfg = Debug|Any CPU
		{68914635-CF1A-4F15-9164-53E7B036DE6C}.Debug|x86.Build.0 = Debug|Any CPU
		{68914635-CF1A-4F15-9164-53E7B036DE6C}.Release|Any CPU.ActiveCfg = Release|Any CPU
		{68914635-CF1A-4F15-9164-53E7B036DE6C}.Release|Any CPU.Build.0 = Release|Any CPU
		{68914635-CF1A-4F15-9164-53E7B036DE6C}.Release|x64.ActiveCfg = Release|Any CPU
		{68914635-CF1A-4F15-9164-53E7B036DE6C}.Release|x64.Build.0 = Release|Any CPU
		{68914635-CF1A-4F15-9164-53E7B036DE6C}.Release|x86.ActiveCfg = Release|Any CPU
		{68914635-CF1A-4F15-9164-53E7B036DE6C}.Release|x86.Build.0 = Release|Any CPU
		{51FB41EB-DF31-401A-B64E-6110BE97BE72}.Debug|Any CPU.ActiveCfg = Debug|Any CPU
		{51FB41EB-DF31-401A-B64E-6110BE97BE72}.Debug|Any CPU.Build.0 = Debug|Any CPU
		{51FB41EB-DF31-401A-B64E-6110BE97BE72}.Debug|x64.ActiveCfg = Debug|Any CPU
		{51FB41EB-DF31-401A-B64E-6110BE97BE72}.Debug|x64.Build.0 = Debug|Any CPU
		{51FB41EB-DF31-401A-B64E-6110BE97BE72}.Debug|x86.ActiveCfg = Debug|Any CPU
		{51FB41EB-DF31-401A-B64E-6110BE97BE72}.Debug|x86.Build.0 = Debug|Any CPU
		{51FB41EB-DF31-401A-B64E-6110BE97BE72}.Release|Any CPU.ActiveCfg = Release|Any CPU
		{51FB41EB-DF31-401A-B64E-6110BE97BE72}.Release|Any CPU.Build.0 = Release|Any CPU
		{51FB41EB-DF31-401A-B64E-6110BE97BE72}.Release|x64.ActiveCfg = Release|Any CPU
		{51FB41EB-DF31-401A-B64E-6110BE97BE72}.Release|x64.Build.0 = Release|Any CPU
		{51FB41EB-DF31-401A-B64E-6110BE97BE72}.Release|x86.ActiveCfg = Release|Any CPU
		{51FB41EB-DF31-401A-B64E-6110BE97BE72}.Release|x86.Build.0 = Release|Any CPU
		{821E13E8-770B-413D-9FAE-9B6B4F82FD4D}.Debug|Any CPU.ActiveCfg = Debug|Any CPU
		{821E13E8-770B-413D-9FAE-9B6B4F82FD4D}.Debug|Any CPU.Build.0 = Debug|Any CPU
		{821E13E8-770B-413D-9FAE-9B6B4F82FD4D}.Debug|x64.ActiveCfg = Debug|Any CPU
		{821E13E8-770B-413D-9FAE-9B6B4F82FD4D}.Debug|x64.Build.0 = Debug|Any CPU
		{821E13E8-770B-413D-9FAE-9B6B4F82FD4D}.Debug|x86.ActiveCfg = Debug|Any CPU
		{821E13E8-770B-413D-9FAE-9B6B4F82FD4D}.Debug|x86.Build.0 = Debug|Any CPU
		{821E13E8-770B-413D-9FAE-9B6B4F82FD4D}.Release|Any CPU.ActiveCfg = Release|Any CPU
		{821E13E8-770B-413D-9FAE-9B6B4F82FD4D}.Release|Any CPU.Build.0 = Release|Any CPU
		{821E13E8-770B-413D-9FAE-9B6B4F82FD4D}.Release|x64.ActiveCfg = Release|Any CPU
		{821E13E8-770B-413D-9FAE-9B6B4F82FD4D}.Release|x64.Build.0 = Release|Any CPU
		{821E13E8-770B-413D-9FAE-9B6B4F82FD4D}.Release|x86.ActiveCfg = Release|Any CPU
		{821E13E8-770B-413D-9FAE-9B6B4F82FD4D}.Release|x86.Build.0 = Release|Any CPU
		{29B47985-7AC6-4805-ACB7-03A1DC040738}.Debug|Any CPU.ActiveCfg = Debug|Any CPU
		{29B47985-7AC6-4805-ACB7-03A1DC040738}.Debug|Any CPU.Build.0 = Debug|Any CPU
		{29B47985-7AC6-4805-ACB7-03A1DC040738}.Debug|x64.ActiveCfg = Debug|Any CPU
		{29B47985-7AC6-4805-ACB7-03A1DC040738}.Debug|x64.Build.0 = Debug|Any CPU
		{29B47985-7AC6-4805-ACB7-03A1DC040738}.Debug|x86.ActiveCfg = Debug|Any CPU
		{29B47985-7AC6-4805-ACB7-03A1DC040738}.Debug|x86.Build.0 = Debug|Any CPU
		{29B47985-7AC6-4805-ACB7-03A1DC040738}.Release|Any CPU.ActiveCfg = Release|Any CPU
		{29B47985-7AC6-4805-ACB7-03A1DC040738}.Release|Any CPU.Build.0 = Release|Any CPU
		{29B47985-7AC6-4805-ACB7-03A1DC040738}.Release|x64.ActiveCfg = Release|Any CPU
		{29B47985-7AC6-4805-ACB7-03A1DC040738}.Release|x64.Build.0 = Release|Any CPU
		{29B47985-7AC6-4805-ACB7-03A1DC040738}.Release|x86.ActiveCfg = Release|Any CPU
		{29B47985-7AC6-4805-ACB7-03A1DC040738}.Release|x86.Build.0 = Release|Any CPU
		{127EF655-C043-49D8-AD6A-049ED32D066A}.Debug|Any CPU.ActiveCfg = Debug|Any CPU
		{127EF655-C043-49D8-AD6A-049ED32D066A}.Debug|Any CPU.Build.0 = Debug|Any CPU
		{127EF655-C043-49D8-AD6A-049ED32D066A}.Debug|x64.ActiveCfg = Debug|Any CPU
		{127EF655-C043-49D8-AD6A-049ED32D066A}.Debug|x64.Build.0 = Debug|Any CPU
		{127EF655-C043-49D8-AD6A-049ED32D066A}.Debug|x86.ActiveCfg = Debug|Any CPU
		{127EF655-C043-49D8-AD6A-049ED32D066A}.Debug|x86.Build.0 = Debug|Any CPU
		{127EF655-C043-49D8-AD6A-049ED32D066A}.Release|Any CPU.ActiveCfg = Release|Any CPU
		{127EF655-C043-49D8-AD6A-049ED32D066A}.Release|Any CPU.Build.0 = Release|Any CPU
		{127EF655-C043-49D8-AD6A-049ED32D066A}.Release|x64.ActiveCfg = Release|Any CPU
		{127EF655-C043-49D8-AD6A-049ED32D066A}.Release|x64.Build.0 = Release|Any CPU
		{127EF655-C043-49D8-AD6A-049ED32D066A}.Release|x86.ActiveCfg = Release|Any CPU
		{127EF655-C043-49D8-AD6A-049ED32D066A}.Release|x86.Build.0 = Release|Any CPU
		{C13FF9F7-D205-493E-8D36-33C495CB563E}.Debug|Any CPU.ActiveCfg = Debug|Any CPU
		{C13FF9F7-D205-493E-8D36-33C495CB563E}.Debug|Any CPU.Build.0 = Debug|Any CPU
		{C13FF9F7-D205-493E-8D36-33C495CB563E}.Debug|x64.ActiveCfg = Debug|Any CPU
		{C13FF9F7-D205-493E-8D36-33C495CB563E}.Debug|x64.Build.0 = Debug|Any CPU
		{C13FF9F7-D205-493E-8D36-33C495CB563E}.Debug|x86.ActiveCfg = Debug|Any CPU
		{C13FF9F7-D205-493E-8D36-33C495CB563E}.Debug|x86.Build.0 = Debug|Any CPU
		{C13FF9F7-D205-493E-8D36-33C495CB563E}.Release|Any CPU.ActiveCfg = Release|Any CPU
		{C13FF9F7-D205-493E-8D36-33C495CB563E}.Release|Any CPU.Build.0 = Release|Any CPU
		{C13FF9F7-D205-493E-8D36-33C495CB563E}.Release|x64.ActiveCfg = Release|Any CPU
		{C13FF9F7-D205-493E-8D36-33C495CB563E}.Release|x64.Build.0 = Release|Any CPU
		{C13FF9F7-D205-493E-8D36-33C495CB563E}.Release|x86.ActiveCfg = Release|Any CPU
		{C13FF9F7-D205-493E-8D36-33C495CB563E}.Release|x86.Build.0 = Release|Any CPU
	EndGlobalSection
	GlobalSection(SolutionProperties) = preSolution
		HideSolutionNode = FALSE
	EndGlobalSection
	GlobalSection(NestedProjects) = preSolution
		{E343A562-5C40-43D2-BA90-C409E6CF7825} = {827E0CD3-B72D-47B6-A68D-7590B98EB39B}
		{68914635-CF1A-4F15-9164-53E7B036DE6C} = {827E0CD3-B72D-47B6-A68D-7590B98EB39B}
		{51FB41EB-DF31-401A-B64E-6110BE97BE72} = {827E0CD3-B72D-47B6-A68D-7590B98EB39B}
		{821E13E8-770B-413D-9FAE-9B6B4F82FD4D} = {827E0CD3-B72D-47B6-A68D-7590B98EB39B}
		{29B47985-7AC6-4805-ACB7-03A1DC040738} = {827E0CD3-B72D-47B6-A68D-7590B98EB39B}
		{127EF655-C043-49D8-AD6A-049ED32D066A} = {827E0CD3-B72D-47B6-A68D-7590B98EB39B}
		{C13FF9F7-D205-493E-8D36-33C495CB563E} = {827E0CD3-B72D-47B6-A68D-7590B98EB39B}
	EndGlobalSection
EndGlobal
